
Microsoft Visual Studio Solution File, Format Version 12.00
# Visual Studio Version 17
VisualStudioVersion = 17.0.31903.59
MinimumVisualStudioVersion = 10.0.40219.1
Project("{FAE04EC0-301F-11D3-BF4B-00C04F79EFBC}") = "API", "API\API.csproj", "{03BD0CC8-45E6-4270-8D17-C3A244B62146}"
EndProject
Project("{FAE04EC0-301F-11D3-BF4B-00C04F79EFBC}") = "Core", "Core\Core.csproj", "{D3BAFD2C-72BB-4F48-8EDF-806661A126F2}"
EndProject
Project("{FAE04EC0-301F-11D3-BF4B-00C04F79EFBC}") = "Infrastructure", "Infrastructure\Infrastructure.csproj", "{0B747F47-4739-40A5-8F7F-7D78ED255D95}"
EndProject
Global
	GlobalSection(SolutionConfigurationPlatforms) = preSolution
		Debug|Any CPU = Debug|Any CPU
		Release|Any CPU = Release|Any CPU
	EndGlobalSection
	GlobalSection(SolutionProperties) = preSolution
		HideSolutionNode = FALSE
	EndGlobalSection
	GlobalSection(ProjectConfigurationPlatforms) = postSolution
		{03BD0CC8-45E6-4270-8D17-C3A244B62146}.Debug|Any CPU.ActiveCfg = Debug|Any CPU
		{03BD0CC8-45E6-4270-8D17-C3A244B62146}.Debug|Any CPU.Build.0 = Debug|Any CPU
		{03BD0CC8-45E6-4270-8D17-C3A244B62146}.Release|Any CPU.ActiveCfg = Release|Any CPU
		{03BD0CC8-45E6-4270-8D17-C3A244B62146}.Release|Any CPU.Build.0 = Release|Any CPU
		{D3BAFD2C-72BB-4F48-8EDF-806661A126F2}.Debug|Any CPU.ActiveCfg = Debug|Any CPU
		{D3BAFD2C-72BB-4F48-8EDF-806661A126F2}.Debug|Any CPU.Build.0 = Debug|Any CPU
		{D3BAFD2C-72BB-4F48-8EDF-806661A126F2}.Release|Any CPU.ActiveCfg = Release|Any CPU
		{D3BAFD2C-72BB-4F48-8EDF-806661A126F2}.Release|Any CPU.Build.0 = Release|Any CPU
		{0B747F47-4739-40A5-8F7F-7D78ED255D95}.Debug|Any CPU.ActiveCfg = Debug|Any CPU
		{0B747F47-4739-40A5-8F7F-7D78ED255D95}.Debug|Any CPU.Build.0 = Debug|Any CPU
		{0B747F47-4739-40A5-8F7F-7D78ED255D95}.Release|Any CPU.ActiveCfg = Release|Any CPU
		{0B747F47-4739-40A5-8F7F-7D78ED255D95}.Release|Any CPU.Build.0 = Release|Any CPU
	EndGlobalSection
EndGlobal
